
Microsoft Visual Studio Solution File, Format Version 12.00
# Visual Studio Express 2012 for Windows Desktop
Project("{FAE04EC0-301F-11D3-BF4B-00C04F79EFBC}") = "Menere", "Menere\Menere.csproj", "{9ACDB573-72A1-4B96-8E81-93340A41A1A0}"
EndProject
Project("{FAE04EC0-301F-11D3-BF4B-00C04F79EFBC}") = "SharpFever", "SharpFever\SharpFever.csproj", "{0485C5EC-C42F-4B12-AD2F-55FCBBF07DF3}"
EndProject
Project("{FAE04EC0-301F-11D3-BF4B-00C04F79EFBC}") = "RSSharp", "RSSharp\RSSharp.csproj", "{2019528E-46C3-4FCB-AAF0-75BEA2295435}"
EndProject
Project("{FAE04EC0-301F-11D3-BF4B-00C04F79EFBC}") = "ShareSharp", "liGhun.ShareSharp\ShareSharp.csproj", "{A28A4637-3731-4A45-ADAC-60092376FD00}"
EndProject
Global
	GlobalSection(SolutionConfigurationPlatforms) = preSolution
		Debug|Any CPU = Debug|Any CPU
		Release|Any CPU = Release|Any CPU
	EndGlobalSection
	GlobalSection(ProjectConfigurationPlatforms) = postSolution
		{9ACDB573-72A1-4B96-8E81-93340A41A1A0}.Debug|Any CPU.ActiveCfg = Debug|Any CPU
		{9ACDB573-72A1-4B96-8E81-93340A41A1A0}.Debug|Any CPU.Build.0 = Debug|Any CPU
		{9ACDB573-72A1-4B96-8E81-93340A41A1A0}.Release|Any CPU.ActiveCfg = Release|Any CPU
		{9ACDB573-72A1-4B96-8E81-93340A41A1A0}.Release|Any CPU.Build.0 = Release|Any CPU
		{0485C5EC-C42F-4B12-AD2F-55FCBBF07DF3}.Debug|Any CPU.ActiveCfg = Debug|Any CPU
		{0485C5EC-C42F-4B12-AD2F-55FCBBF07DF3}.Debug|Any CPU.Build.0 = Debug|Any CPU
		{0485C5EC-C42F-4B12-AD2F-55FCBBF07DF3}.Release|Any CPU.ActiveCfg = Release|Any CPU
		{0485C5EC-C42F-4B12-AD2F-55FCBBF07DF3}.Release|Any CPU.Build.0 = Release|Any CPU
		{2019528E-46C3-4FCB-AAF0-75BEA2295435}.Debug|Any CPU.ActiveCfg = Debug|Any CPU
		{2019528E-46C3-4FCB-AAF0-75BEA2295435}.Debug|Any CPU.Build.0 = Debug|Any CPU
		{2019528E-46C3-4FCB-AAF0-75BEA2295435}.Release|Any CPU.ActiveCfg = Release|Any CPU
		{2019528E-46C3-4FCB-AAF0-75BEA2295435}.Release|Any CPU.Build.0 = Release|Any CPU
		{A28A4637-3731-4A45-ADAC-60092376FD00}.Debug|Any CPU.ActiveCfg = Debug|Any CPU
		{A28A4637-3731-4A45-ADAC-60092376FD00}.Debug|Any CPU.Build.0 = Debug|Any CPU
		{A28A4637-3731-4A45-ADAC-60092376FD00}.Release|Any CPU.ActiveCfg = Release|Any CPU
		{A28A4637-3731-4A45-ADAC-60092376FD00}.Release|Any CPU.Build.0 = Release|Any CPU
	EndGlobalSection
	GlobalSection(SolutionProperties) = preSolution
		HideSolutionNode = FALSE
	EndGlobalSection
EndGlobal
